
Microsoft Visual Studio Solution File, Format Version 12.00
# Visual Studio Version 17
VisualStudioVersion = 17.9.34728.123
MinimumVisualStudioVersion = 10.0.40219.1
Project("{2150E333-8FDC-42A3-9474-1A3956D46DE8}") = "Solution Items", "Solution Items", "{717AFCD7-BBC8-416C-97B0-BFD086BF1739}"
	ProjectSection(SolutionItems) = preProject
		.editorconfig = .editorconfig
		.gitignore = .gitignore
		build.bat = build.bat
		Directory.Build.props = Directory.Build.props
		LICENSE = LICENSE
		README.md = README.md
	EndProjectSection
EndProject
Project("{9A19103F-16F7-4668-BE54-9A1E7A4F7556}") = "clock", "library\samples\clock\clock.csproj", "{23A29B13-B7C2-4E62-A43E-E9B3244AC39A}"
EndProject
Project("{9A19103F-16F7-4668-BE54-9A1E7A4F7556}") = "colours", "library\samples\colours\colours.csproj", "{02CE0CD4-675D-4A60-B265-55A55A4093A6}"
EndProject
Project("{9A19103F-16F7-4668-BE54-9A1E7A4F7556}") = "cooked-input", "library\samples\cooked-input\cooked-input.csproj", "{C4180622-DDBE-4090-AC61-B7970CEDC992}"
EndProject
Project("{9A19103F-16F7-4668-BE54-9A1E7A4F7556}") = "leds", "library\samples\leds\leds.csproj", "{F656E0C6-F924-4D09-AEE0-9E258CF5C61A}"
EndProject
Project("{9A19103F-16F7-4668-BE54-9A1E7A4F7556}") = "fenix-mcdu", "library\samples\fenix-mcdu\fenix-mcdu.csproj", "{A0E31F66-60EB-4810-8483-1202CA745D05}"
EndProject
Project("{2150E333-8FDC-42A3-9474-1A3956D46DE8}") = "library", "library", "{7612F6B1-A4A7-431C-8688-167145D1D5F8}"
EndProject
Project("{9A19103F-16F7-4668-BE54-9A1E7A4F7556}") = "mcdu-dotnet", "library\mcdu-dotnet\mcdu-dotnet.csproj", "{0E2D40C0-F634-4AC0-B20E-3E48EE8D3DFA}"
EndProject
Project("{2150E333-8FDC-42A3-9474-1A3956D46DE8}") = "samples", "samples", "{61A9C6CD-82AE-494E-86C9-21644DAADBD6}"
EndProject
Project("{2150E333-8FDC-42A3-9474-1A3956D46DE8}") = ".github", ".github", "{C87A2F17-2182-479D-ABB2-010194C7C681}"
EndProject
Project("{2150E333-8FDC-42A3-9474-1A3956D46DE8}") = "workflows", "workflows", "{784F0E13-DEAF-49A4-AAC4-F8C927A899C6}"
	ProjectSection(SolutionItems) = preProject
		.github\workflows\cduhub-release-apps.yml = .github\workflows\cduhub-release-apps.yml
		.github\workflows\mcdu-dotnet-publish.yml = .github\workflows\mcdu-dotnet-publish.yml
	EndProjectSection
EndProject
Project("{2150E333-8FDC-42A3-9474-1A3956D46DE8}") = "apps", "apps", "{8110F87C-2A2E-484C-B35D-FD9CC36E8167}"
EndProject
Project("{9A19103F-16F7-4668-BE54-9A1E7A4F7556}") = "cduhub", "library\cduhub\cduhub.csproj", "{367E7522-0295-4206-887D-EE8C3D3ABE48}"
EndProject
Project("{9A19103F-16F7-4668-BE54-9A1E7A4F7556}") = "cduhub-cli", "apps\cduhub-cli\cduhub-cli.csproj", "{2C3B2081-B961-4B68-8D5D-7F2F8F9698A5}"
EndProject
Project("{2150E333-8FDC-42A3-9474-1A3956D46DE8}") = "installers", "installers", "{F23391C6-F0DD-4436-A60C-0B65690AE6C6}"
EndProject
Project("{2150E333-8FDC-42A3-9474-1A3956D46DE8}") = "innosetup", "innosetup", "{F32C6B7D-F01C-40BD-87DC-09ED8E5DEA77}"
	ProjectSection(SolutionItems) = preProject
		installers\innosetup\cduhub-windows.iss = installers\innosetup\cduhub-windows.iss
	EndProjectSection
EndProject
Project("{9A19103F-16F7-4668-BE54-9A1E7A4F7556}") = "cduhub-flightsim", "library\cduhub-flightsim\cduhub-flightsim.csproj", "{6A5771A0-1330-4A81-A47D-66CA72D11896}"
EndProject
Project("{9A19103F-16F7-4668-BE54-9A1E7A4F7556}") = "cduhub-windows", "apps\cduhub-windows\cduhub-windows.csproj", "{74C211CE-9802-44D3-941B-9DF9E3527BB0}"
EndProject
Project("{9A19103F-16F7-4668-BE54-9A1E7A4F7556}") = "fast-update", "library\samples\fast-update\fast-update.csproj", "{3D52D94B-F097-471D-892D-A8079ED009C6}"
EndProject
Project("{9A19103F-16F7-4668-BE54-9A1E7A4F7556}") = "characters", "library\samples\characters\characters.csproj", "{6DA6F729-8FF1-45CE-BB59-091E456E08D6}"
EndProject
Project("{2150E333-8FDC-42A3-9474-1A3956D46DE8}") = "utilities", "utilities", "{455CEB36-52CC-4544-93F2-90F3FE8C667E}"
EndProject
Project("{9A19103F-16F7-4668-BE54-9A1E7A4F7556}") = "extract-font", "utilities\extract-font\extract-font.csproj", "{D11E29C9-8291-4989-B411-021DC0D8A6AC}"
EndProject
Project("{9A19103F-16F7-4668-BE54-9A1E7A4F7556}") = "convert-font", "utilities\convert-font\convert-font.csproj", "{2AF9557A-CF73-442D-8CC1-8999AB07C09A}"
EndProject
Project("{9A19103F-16F7-4668-BE54-9A1E7A4F7556}") = "cduhub-commandline", "library\cduhub-commandline\cduhub-commandline.csproj", "{F17CBADA-C093-4F2E-BBDD-A39BA8958192}"
EndProject
Project("{9A19103F-16F7-4668-BE54-9A1E7A4F7556}") = "ambient", "library\samples\ambient\ambient.csproj", "{DCCA67BA-E85F-4E2D-8945-48326009E9B8}"
EndProject
Project("{FAE04EC0-301F-11D3-BF4B-00C04F79EFBC}") = "inprocess-plugin", "library\samples\inprocess-plugin\inprocess-plugin.csproj", "{2C957253-D368-4C07-AA17-A080EBE56E5B}"
EndProject
Global
	GlobalSection(SolutionConfigurationPlatforms) = preSolution
		Debug|Any CPU = Debug|Any CPU
		Release|Any CPU = Release|Any CPU
	EndGlobalSection
	GlobalSection(ProjectConfigurationPlatforms) = postSolution
		{23A29B13-B7C2-4E62-A43E-E9B3244AC39A}.Debug|Any CPU.ActiveCfg = Debug|Any CPU
		{23A29B13-B7C2-4E62-A43E-E9B3244AC39A}.Debug|Any CPU.Build.0 = Debug|Any CPU
		{23A29B13-B7C2-4E62-A43E-E9B3244AC39A}.Release|Any CPU.ActiveCfg = Release|Any CPU
		{23A29B13-B7C2-4E62-A43E-E9B3244AC39A}.Release|Any CPU.Build.0 = Release|Any CPU
		{02CE0CD4-675D-4A60-B265-55A55A4093A6}.Debug|Any CPU.ActiveCfg = Debug|Any CPU
		{02CE0CD4-675D-4A60-B265-55A55A4093A6}.Debug|Any CPU.Build.0 = Debug|Any CPU
		{02CE0CD4-675D-4A60-B265-55A55A4093A6}.Release|Any CPU.ActiveCfg = Release|Any CPU
		{02CE0CD4-675D-4A60-B265-55A55A4093A6}.Release|Any CPU.Build.0 = Release|Any CPU
		{C4180622-DDBE-4090-AC61-B7970CEDC992}.Debug|Any CPU.ActiveCfg = Debug|Any CPU
		{C4180622-DDBE-4090-AC61-B7970CEDC992}.Debug|Any CPU.Build.0 = Debug|Any CPU
		{C4180622-DDBE-4090-AC61-B7970CEDC992}.Release|Any CPU.ActiveCfg = Release|Any CPU
		{C4180622-DDBE-4090-AC61-B7970CEDC992}.Release|Any CPU.Build.0 = Release|Any CPU
		{F656E0C6-F924-4D09-AEE0-9E258CF5C61A}.Debug|Any CPU.ActiveCfg = Debug|Any CPU
		{F656E0C6-F924-4D09-AEE0-9E258CF5C61A}.Debug|Any CPU.Build.0 = Debug|Any CPU
		{F656E0C6-F924-4D09-AEE0-9E258CF5C61A}.Release|Any CPU.ActiveCfg = Release|Any CPU
		{F656E0C6-F924-4D09-AEE0-9E258CF5C61A}.Release|Any CPU.Build.0 = Release|Any CPU
		{A0E31F66-60EB-4810-8483-1202CA745D05}.Debug|Any CPU.ActiveCfg = Debug|Any CPU
		{A0E31F66-60EB-4810-8483-1202CA745D05}.Debug|Any CPU.Build.0 = Debug|Any CPU
		{A0E31F66-60EB-4810-8483-1202CA745D05}.Release|Any CPU.ActiveCfg = Release|Any CPU
		{A0E31F66-60EB-4810-8483-1202CA745D05}.Release|Any CPU.Build.0 = Release|Any CPU
		{0E2D40C0-F634-4AC0-B20E-3E48EE8D3DFA}.Debug|Any CPU.ActiveCfg = Debug|Any CPU
		{0E2D40C0-F634-4AC0-B20E-3E48EE8D3DFA}.Debug|Any CPU.Build.0 = Debug|Any CPU
		{0E2D40C0-F634-4AC0-B20E-3E48EE8D3DFA}.Release|Any CPU.ActiveCfg = Release|Any CPU
		{0E2D40C0-F634-4AC0-B20E-3E48EE8D3DFA}.Release|Any CPU.Build.0 = Release|Any CPU
		{367E7522-0295-4206-887D-EE8C3D3ABE48}.Debug|Any CPU.ActiveCfg = Debug|Any CPU
		{367E7522-0295-4206-887D-EE8C3D3ABE48}.Debug|Any CPU.Build.0 = Debug|Any CPU
		{367E7522-0295-4206-887D-EE8C3D3ABE48}.Release|Any CPU.ActiveCfg = Release|Any CPU
		{367E7522-0295-4206-887D-EE8C3D3ABE48}.Release|Any CPU.Build.0 = Release|Any CPU
		{2C3B2081-B961-4B68-8D5D-7F2F8F9698A5}.Debug|Any CPU.ActiveCfg = Debug|Any CPU
		{2C3B2081-B961-4B68-8D5D-7F2F8F9698A5}.Debug|Any CPU.Build.0 = Debug|Any CPU
		{2C3B2081-B961-4B68-8D5D-7F2F8F9698A5}.Release|Any CPU.ActiveCfg = Release|Any CPU
		{2C3B2081-B961-4B68-8D5D-7F2F8F9698A5}.Release|Any CPU.Build.0 = Release|Any CPU
		{6A5771A0-1330-4A81-A47D-66CA72D11896}.Debug|Any CPU.ActiveCfg = Debug|Any CPU
		{6A5771A0-1330-4A81-A47D-66CA72D11896}.Debug|Any CPU.Build.0 = Debug|Any CPU
		{6A5771A0-1330-4A81-A47D-66CA72D11896}.Release|Any CPU.ActiveCfg = Release|Any CPU
		{6A5771A0-1330-4A81-A47D-66CA72D11896}.Release|Any CPU.Build.0 = Release|Any CPU
		{74C211CE-9802-44D3-941B-9DF9E3527BB0}.Debug|Any CPU.ActiveCfg = Debug|Any CPU
		{74C211CE-9802-44D3-941B-9DF9E3527BB0}.Debug|Any CPU.Build.0 = Debug|Any CPU
		{74C211CE-9802-44D3-941B-9DF9E3527BB0}.Release|Any CPU.ActiveCfg = Release|Any CPU
		{74C211CE-9802-44D3-941B-9DF9E3527BB0}.Release|Any CPU.Build.0 = Release|Any CPU
		{3D52D94B-F097-471D-892D-A8079ED009C6}.Debug|Any CPU.ActiveCfg = Debug|Any CPU
		{3D52D94B-F097-471D-892D-A8079ED009C6}.Debug|Any CPU.Build.0 = Debug|Any CPU
		{3D52D94B-F097-471D-892D-A8079ED009C6}.Release|Any CPU.ActiveCfg = Release|Any CPU
		{3D52D94B-F097-471D-892D-A8079ED009C6}.Release|Any CPU.Build.0 = Release|Any CPU
		{6DA6F729-8FF1-45CE-BB59-091E456E08D6}.Debug|Any CPU.ActiveCfg = Debug|Any CPU
		{6DA6F729-8FF1-45CE-BB59-091E456E08D6}.Debug|Any CPU.Build.0 = Debug|Any CPU
		{6DA6F729-8FF1-45CE-BB59-091E456E08D6}.Release|Any CPU.ActiveCfg = Release|Any CPU
		{6DA6F729-8FF1-45CE-BB59-091E456E08D6}.Release|Any CPU.Build.0 = Release|Any CPU
		{D11E29C9-8291-4989-B411-021DC0D8A6AC}.Debug|Any CPU.ActiveCfg = Debug|Any CPU
		{D11E29C9-8291-4989-B411-021DC0D8A6AC}.Debug|Any CPU.Build.0 = Debug|Any CPU
		{D11E29C9-8291-4989-B411-021DC0D8A6AC}.Release|Any CPU.ActiveCfg = Release|Any CPU
		{D11E29C9-8291-4989-B411-021DC0D8A6AC}.Release|Any CPU.Build.0 = Release|Any CPU
		{2AF9557A-CF73-442D-8CC1-8999AB07C09A}.Debug|Any CPU.ActiveCfg = Debug|Any CPU
		{2AF9557A-CF73-442D-8CC1-8999AB07C09A}.Debug|Any CPU.Build.0 = Debug|Any CPU
		{2AF9557A-CF73-442D-8CC1-8999AB07C09A}.Release|Any CPU.ActiveCfg = Release|Any CPU
		{2AF9557A-CF73-442D-8CC1-8999AB07C09A}.Release|Any CPU.Build.0 = Release|Any CPU
		{F17CBADA-C093-4F2E-BBDD-A39BA8958192}.Debug|Any CPU.ActiveCfg = Debug|Any CPU
		{F17CBADA-C093-4F2E-BBDD-A39BA8958192}.Debug|Any CPU.Build.0 = Debug|Any CPU
		{F17CBADA-C093-4F2E-BBDD-A39BA8958192}.Release|Any CPU.ActiveCfg = Release|Any CPU
		{F17CBADA-C093-4F2E-BBDD-A39BA8958192}.Release|Any CPU.Build.0 = Release|Any CPU
		{DCCA67BA-E85F-4E2D-8945-48326009E9B8}.Debug|Any CPU.ActiveCfg = Debug|Any CPU
		{DCCA67BA-E85F-4E2D-8945-48326009E9B8}.Debug|Any CPU.Build.0 = Debug|Any CPU
		{DCCA67BA-E85F-4E2D-8945-48326009E9B8}.Release|Any CPU.ActiveCfg = Release|Any CPU
		{DCCA67BA-E85F-4E2D-8945-48326009E9B8}.Release|Any CPU.Build.0 = Release|Any CPU
		{2C957253-D368-4C07-AA17-A080EBE56E5B}.Debug|Any CPU.ActiveCfg = Debug|Any CPU
		{2C957253-D368-4C07-AA17-A080EBE56E5B}.Debug|Any CPU.Build.0 = Debug|Any CPU
		{2C957253-D368-4C07-AA17-A080EBE56E5B}.Release|Any CPU.ActiveCfg = Release|Any CPU
		{2C957253-D368-4C07-AA17-A080EBE56E5B}.Release|Any CPU.Build.0 = Release|Any CPU
	EndGlobalSection
	GlobalSection(SolutionProperties) = preSolution
		HideSolutionNode = FALSE
	EndGlobalSection
	GlobalSection(NestedProjects) = preSolution
		{23A29B13-B7C2-4E62-A43E-E9B3244AC39A} = {61A9C6CD-82AE-494E-86C9-21644DAADBD6}
		{02CE0CD4-675D-4A60-B265-55A55A4093A6} = {61A9C6CD-82AE-494E-86C9-21644DAADBD6}
		{C4180622-DDBE-4090-AC61-B7970CEDC992} = {61A9C6CD-82AE-494E-86C9-21644DAADBD6}
		{F656E0C6-F924-4D09-AEE0-9E258CF5C61A} = {61A9C6CD-82AE-494E-86C9-21644DAADBD6}
		{A0E31F66-60EB-4810-8483-1202CA745D05} = {61A9C6CD-82AE-494E-86C9-21644DAADBD6}
		{0E2D40C0-F634-4AC0-B20E-3E48EE8D3DFA} = {7612F6B1-A4A7-431C-8688-167145D1D5F8}
		{61A9C6CD-82AE-494E-86C9-21644DAADBD6} = {7612F6B1-A4A7-431C-8688-167145D1D5F8}
		{784F0E13-DEAF-49A4-AAC4-F8C927A899C6} = {C87A2F17-2182-479D-ABB2-010194C7C681}
		{367E7522-0295-4206-887D-EE8C3D3ABE48} = {7612F6B1-A4A7-431C-8688-167145D1D5F8}
		{2C3B2081-B961-4B68-8D5D-7F2F8F9698A5} = {8110F87C-2A2E-484C-B35D-FD9CC36E8167}
		{F32C6B7D-F01C-40BD-87DC-09ED8E5DEA77} = {F23391C6-F0DD-4436-A60C-0B65690AE6C6}
		{6A5771A0-1330-4A81-A47D-66CA72D11896} = {7612F6B1-A4A7-431C-8688-167145D1D5F8}
		{74C211CE-9802-44D3-941B-9DF9E3527BB0} = {8110F87C-2A2E-484C-B35D-FD9CC36E8167}
		{3D52D94B-F097-471D-892D-A8079ED009C6} = {61A9C6CD-82AE-494E-86C9-21644DAADBD6}
		{6DA6F729-8FF1-45CE-BB59-091E456E08D6} = {61A9C6CD-82AE-494E-86C9-21644DAADBD6}
		{D11E29C9-8291-4989-B411-021DC0D8A6AC} = {455CEB36-52CC-4544-93F2-90F3FE8C667E}
		{2AF9557A-CF73-442D-8CC1-8999AB07C09A} = {455CEB36-52CC-4544-93F2-90F3FE8C667E}
		{F17CBADA-C093-4F2E-BBDD-A39BA8958192} = {7612F6B1-A4A7-431C-8688-167145D1D5F8}
		{DCCA67BA-E85F-4E2D-8945-48326009E9B8} = {61A9C6CD-82AE-494E-86C9-21644DAADBD6}
		{2C957253-D368-4C07-AA17-A080EBE56E5B} = {61A9C6CD-82AE-494E-86C9-21644DAADBD6}
	EndGlobalSection
	GlobalSection(ExtensibilityGlobals) = postSolution
		SolutionGuid = {C977F7C9-07B7-4BB4-A182-FDE6F96F171A}
	EndGlobalSection
EndGlobal
