
Microsoft Visual Studio Solution File, Format Version 12.00
# Visual Studio Version 17
VisualStudioVersion = 17.9.34728.123
MinimumVisualStudioVersion = 10.0.40219.1
Project("{9A19103F-16F7-4668-BE54-9A1E7A4F7556}") = "mcdu-dotnet", "mcdu-dotnet\mcdu-dotnet.csproj", "{0E2D40C0-F634-4AC0-B20E-3E48EE8D3DFA}"
EndProject
Project("{2150E333-8FDC-42A3-9474-1A3956D46DE8}") = "Solution Items", "Solution Items", "{717AFCD7-BBC8-416C-97B0-BFD086BF1739}"
	ProjectSection(SolutionItems) = preProject
		.editorconfig = .editorconfig
		Directory.Build.props = Directory.Build.props
		LICENSE = LICENSE
		README.md = README.md
	EndProjectSection
EndProject
Project("{2150E333-8FDC-42A3-9474-1A3956D46DE8}") = "samples", "samples", "{237C6CC3-40C3-4128-A819-BE7447086CD6}"
EndProject
Project("{9A19103F-16F7-4668-BE54-9A1E7A4F7556}") = "clock", "samples\clock\clock.csproj", "{23A29B13-B7C2-4E62-A43E-E9B3244AC39A}"
EndProject
Project("{FAE04EC0-301F-11D3-BF4B-00C04F79EFBC}") = "colours", "samples\colours\colours.csproj", "{02CE0CD4-675D-4A60-B265-55A55A4093A6}"
EndProject
Project("{FAE04EC0-301F-11D3-BF4B-00C04F79EFBC}") = "cooked-input", "samples\cooked-input\cooked-input.csproj", "{C4180622-DDBE-4090-AC61-B7970CEDC992}"
EndProject
Project("{FAE04EC0-301F-11D3-BF4B-00C04F79EFBC}") = "leds", "samples\leds\leds.csproj", "{F656E0C6-F924-4D09-AEE0-9E258CF5C61A}"
EndProject
Global
	GlobalSection(SolutionConfigurationPlatforms) = preSolution
		Debug|Any CPU = Debug|Any CPU
		Release|Any CPU = Release|Any CPU
	EndGlobalSection
	GlobalSection(ProjectConfigurationPlatforms) = postSolution
		{0E2D40C0-F634-4AC0-B20E-3E48EE8D3DFA}.Debug|Any CPU.ActiveCfg = Debug|Any CPU
		{0E2D40C0-F634-4AC0-B20E-3E48EE8D3DFA}.Debug|Any CPU.Build.0 = Debug|Any CPU
		{0E2D40C0-F634-4AC0-B20E-3E48EE8D3DFA}.Release|Any CPU.ActiveCfg = Release|Any CPU
		{0E2D40C0-F634-4AC0-B20E-3E48EE8D3DFA}.Release|Any CPU.Build.0 = Release|Any CPU
		{23A29B13-B7C2-4E62-A43E-E9B3244AC39A}.Debug|Any CPU.ActiveCfg = Debug|Any CPU
		{23A29B13-B7C2-4E62-A43E-E9B3244AC39A}.Debug|Any CPU.Build.0 = Debug|Any CPU
		{23A29B13-B7C2-4E62-A43E-E9B3244AC39A}.Release|Any CPU.ActiveCfg = Release|Any CPU
		{23A29B13-B7C2-4E62-A43E-E9B3244AC39A}.Release|Any CPU.Build.0 = Release|Any CPU
		{02CE0CD4-675D-4A60-B265-55A55A4093A6}.Debug|Any CPU.ActiveCfg = Debug|Any CPU
		{02CE0CD4-675D-4A60-B265-55A55A4093A6}.Debug|Any CPU.Build.0 = Debug|Any CPU
		{02CE0CD4-675D-4A60-B265-55A55A4093A6}.Release|Any CPU.ActiveCfg = Release|Any CPU
		{02CE0CD4-675D-4A60-B265-55A55A4093A6}.Release|Any CPU.Build.0 = Release|Any CPU
		{C4180622-DDBE-4090-AC61-B7970CEDC992}.Debug|Any CPU.ActiveCfg = Debug|Any CPU
		{C4180622-DDBE-4090-AC61-B7970CEDC992}.Debug|Any CPU.Build.0 = Debug|Any CPU
		{C4180622-DDBE-4090-AC61-B7970CEDC992}.Release|Any CPU.ActiveCfg = Release|Any CPU
		{C4180622-DDBE-4090-AC61-B7970CEDC992}.Release|Any CPU.Build.0 = Release|Any CPU
		{F656E0C6-F924-4D09-AEE0-9E258CF5C61A}.Debug|Any CPU.ActiveCfg = Debug|Any CPU
		{F656E0C6-F924-4D09-AEE0-9E258CF5C61A}.Debug|Any CPU.Build.0 = Debug|Any CPU
		{F656E0C6-F924-4D09-AEE0-9E258CF5C61A}.Release|Any CPU.ActiveCfg = Release|Any CPU
		{F656E0C6-F924-4D09-AEE0-9E258CF5C61A}.Release|Any CPU.Build.0 = Release|Any CPU
	EndGlobalSection
	GlobalSection(SolutionProperties) = preSolution
		HideSolutionNode = FALSE
	EndGlobalSection
	GlobalSection(NestedProjects) = preSolution
		{23A29B13-B7C2-4E62-A43E-E9B3244AC39A} = {237C6CC3-40C3-4128-A819-BE7447086CD6}
		{02CE0CD4-675D-4A60-B265-55A55A4093A6} = {237C6CC3-40C3-4128-A819-BE7447086CD6}
		{C4180622-DDBE-4090-AC61-B7970CEDC992} = {237C6CC3-40C3-4128-A819-BE7447086CD6}
		{F656E0C6-F924-4D09-AEE0-9E258CF5C61A} = {237C6CC3-40C3-4128-A819-BE7447086CD6}
	EndGlobalSection
	GlobalSection(ExtensibilityGlobals) = postSolution
		SolutionGuid = {C977F7C9-07B7-4BB4-A182-FDE6F96F171A}
	EndGlobalSection
EndGlobal
